
Microsoft Visual Studio Solution File, Format Version 12.00
# Visual Studio 15
VisualStudioVersion = 15.0.27004.2006
MinimumVisualStudioVersion = 10.0.40219.1
Project("{FAE04EC0-301F-11D3-BF4B-00C04F79EFBC}") = "ConstructorOverloading", "ConstructorOverloading\ConstructorOverloading.csproj", "{2BD30BE4-C261-43A3-89E9-6C86F39BDA7E}"
EndProject
Global
	GlobalSection(SolutionConfigurationPlatforms) = preSolution
		Debug|Any CPU = Debug|Any CPU
		Release|Any CPU = Release|Any CPU
	EndGlobalSection
	GlobalSection(ProjectConfigurationPlatforms) = postSolution
		{2BD30BE4-C261-43A3-89E9-6C86F39BDA7E}.Debug|Any CPU.ActiveCfg = Debug|Any CPU
		{2BD30BE4-C261-43A3-89E9-6C86F39BDA7E}.Debug|Any CPU.Build.0 = Debug|Any CPU
		{2BD30BE4-C261-43A3-89E9-6C86F39BDA7E}.Release|Any CPU.ActiveCfg = Release|Any CPU
		{2BD30BE4-C261-43A3-89E9-6C86F39BDA7E}.Release|Any CPU.Build.0 = Release|Any CPU
	EndGlobalSection
	GlobalSection(SolutionProperties) = preSolution
		HideSolutionNode = FALSE
	EndGlobalSection
	GlobalSection(ExtensibilityGlobals) = postSolution
		SolutionGuid = {4A0B9A57-C98A-4400-A4C0-347D96A4E993}
	EndGlobalSection
EndGlobal
